// !$*UTF8*$!
{
	archiveVersion = 1;
	classes = {
	};
	objectVersion = 50;
	objects = {

/* Begin PBXBuildFile section */
		6CFDD39F9980E528405F1EFD /* Pods_ObjectRecognizer.framework in Frameworks */ = {isa = PBXBuildFile; fileRef = 58CEFB4F387E2553FDE94064 /* Pods_ObjectRecognizer.framework */; };
		A10F98792256BAFF002896BA /* Key.swift in Sources */ = {isa = PBXBuildFile; fileRef = A10F98782256BAFF002896BA /* Key.swift */; };
		A177D03B2239DF8C000C2827 /* AppDelegate.swift in Sources */ = {isa = PBXBuildFile; fileRef = A177D03A2239DF8C000C2827 /* AppDelegate.swift */; };
		A177D03D2239DF8C000C2827 /* ViewController.swift in Sources */ = {isa = PBXBuildFile; fileRef = A177D03C2239DF8C000C2827 /* ViewController.swift */; };
		A177D0402239DF8C000C2827 /* Main.storyboard in Resources */ = {isa = PBXBuildFile; fileRef = A177D03E2239DF8C000C2827 /* Main.storyboard */; };
		A177D0432239DF8C000C2827 /* ObjectRecognizer.xcdatamodeld in Sources */ = {isa = PBXBuildFile; fileRef = A177D0412239DF8C000C2827 /* ObjectRecognizer.xcdatamodeld */; };
		A177D0452239DF8E000C2827 /* Assets.xcassets in Resources */ = {isa = PBXBuildFile; fileRef = A177D0442239DF8E000C2827 /* Assets.xcassets */; };
		A177D0482239DF8E000C2827 /* LaunchScreen.storyboard in Resources */ = {isa = PBXBuildFile; fileRef = A177D0462239DF8E000C2827 /* LaunchScreen.storyboard */; };
		A177D0502239EA1B000C2827 /* ResultsViewController.swift in Sources */ = {isa = PBXBuildFile; fileRef = A177D04F2239EA1B000C2827 /* ResultsViewController.swift */; };
/* End PBXBuildFile section */

/* Begin PBXFileReference section */
		0DBFAD78B8CCDF5A22F73769 /* Pods-ObjectRecognizer.debug.xcconfig */ = {isa = PBXFileReference; includeInIndex = 1; lastKnownFileType = text.xcconfig; name = "Pods-ObjectRecognizer.debug.xcconfig"; path = "Pods/Target Support Files/Pods-ObjectRecognizer/Pods-ObjectRecognizer.debug.xcconfig"; sourceTree = "<group>"; };
		58CEFB4F387E2553FDE94064 /* Pods_ObjectRecognizer.framework */ = {isa = PBXFileReference; explicitFileType = wrapper.framework; includeInIndex = 0; path = Pods_ObjectRecognizer.framework; sourceTree = BUILT_PRODUCTS_DIR; };
		6D58004F8BD0FE6BF6F3A1E8 /* Pods-ObjectRecognizer.release.xcconfig */ = {isa = PBXFileReference; includeInIndex = 1; lastKnownFileType = text.xcconfig; name = "Pods-ObjectRecognizer.release.xcconfig"; path = "Pods/Target Support Files/Pods-ObjectRecognizer/Pods-ObjectRecognizer.release.xcconfig"; sourceTree = "<group>"; };
		A10F98782256BAFF002896BA /* Key.swift */ = {isa = PBXFileReference; lastKnownFileType = sourcecode.swift; path = Key.swift; sourceTree = "<group>"; };
		A11564FB223DF54000A6E387 /* AssetsLibrary.framework */ = {isa = PBXFileReference; lastKnownFileType = wrapper.framework; name = AssetsLibrary.framework; path = System/Library/Frameworks/AssetsLibrary.framework; sourceTree = SDKROOT; };
		A177D0372239DF8C000C2827 /* ObjectRecognizer.app */ = {isa = PBXFileReference; explicitFileType = wrapper.application; includeInIndex = 0; path = ObjectRecognizer.app; sourceTree = BUILT_PRODUCTS_DIR; };
		A177D03A2239DF8C000C2827 /* AppDelegate.swift */ = {isa = PBXFileReference; lastKnownFileType = sourcecode.swift; path = AppDelegate.swift; sourceTree = "<group>"; };
		A177D03C2239DF8C000C2827 /* ViewController.swift */ = {isa = PBXFileReference; lastKnownFileType = sourcecode.swift; path = ViewController.swift; sourceTree = "<group>"; };
		A177D03F2239DF8C000C2827 /* Base */ = {isa = PBXFileReference; lastKnownFileType = file.storyboard; name = Base; path = Base.lproj/Main.storyboard; sourceTree = "<group>"; };
		A177D0422239DF8C000C2827 /* ObjectRecognizer.xcdatamodel */ = {isa = PBXFileReference; lastKnownFileType = wrapper.xcdatamodel; path = ObjectRecognizer.xcdatamodel; sourceTree = "<group>"; };
		A177D0442239DF8E000C2827 /* Assets.xcassets */ = {isa = PBXFileReference; lastKnownFileType = folder.assetcatalog; path = Assets.xcassets; sourceTree = "<group>"; };
		A177D0472239DF8E000C2827 /* Base */ = {isa = PBXFileReference; lastKnownFileType = file.storyboard; name = Base; path = Base.lproj/LaunchScreen.storyboard; sourceTree = "<group>"; };
		A177D0492239DF8E000C2827 /* Info.plist */ = {isa = PBXFileReference; lastKnownFileType = text.plist.xml; path = Info.plist; sourceTree = "<group>"; };
		A177D04F2239EA1B000C2827 /* ResultsViewController.swift */ = {isa = PBXFileReference; lastKnownFileType = sourcecode.swift; path = ResultsViewController.swift; sourceTree = "<group>"; };
/* End PBXFileReference section */

/* Begin PBXFrameworksBuildPhase section */
		A177D0342239DF8C000C2827 /* Frameworks */ = {
			isa = PBXFrameworksBuildPhase;
			buildActionMask = 2147483647;
			files = (
				6CFDD39F9980E528405F1EFD /* Pods_ObjectRecognizer.framework in Frameworks */,
			);
			runOnlyForDeploymentPostprocessing = 0;
		};
/* End PBXFrameworksBuildPhase section */

/* Begin PBXGroup section */
		1B1AFD2691AA5416031D4EBD /* Pods */ = {
			isa = PBXGroup;
			children = (
				0DBFAD78B8CCDF5A22F73769 /* Pods-ObjectRecognizer.debug.xcconfig */,
				6D58004F8BD0FE6BF6F3A1E8 /* Pods-ObjectRecognizer.release.xcconfig */,
			);
			name = Pods;
			sourceTree = "<group>";
		};
		A11564FA223DF54000A6E387 /* Frameworks */ = {
			isa = PBXGroup;
			children = (
				A11564FB223DF54000A6E387 /* AssetsLibrary.framework */,
				58CEFB4F387E2553FDE94064 /* Pods_ObjectRecognizer.framework */,
			);
			name = Frameworks;
			sourceTree = "<group>";
		};
		A177D02E2239DF8C000C2827 = {
			isa = PBXGroup;
			children = (
				A177D0392239DF8C000C2827 /* ObjectRecognizer */,
				A177D0382239DF8C000C2827 /* Products */,
				A11564FA223DF54000A6E387 /* Frameworks */,
				1B1AFD2691AA5416031D4EBD /* Pods */,
			);
			sourceTree = "<group>";
		};
		A177D0382239DF8C000C2827 /* Products */ = {
			isa = PBXGroup;
			children = (
				A177D0372239DF8C000C2827 /* ObjectRecognizer.app */,
			);
			name = Products;
			sourceTree = "<group>";
		};
		A177D0392239DF8C000C2827 /* ObjectRecognizer */ = {
			isa = PBXGroup;
			children = (
				A177D03A2239DF8C000C2827 /* AppDelegate.swift */,
				A177D03C2239DF8C000C2827 /* ViewController.swift */,
				A177D04F2239EA1B000C2827 /* ResultsViewController.swift */,
				A177D03E2239DF8C000C2827 /* Main.storyboard */,
				A177D0442239DF8E000C2827 /* Assets.xcassets */,
				A177D0462239DF8E000C2827 /* LaunchScreen.storyboard */,
				A177D0492239DF8E000C2827 /* Info.plist */,
				A177D0412239DF8C000C2827 /* ObjectRecognizer.xcdatamodeld */,
				A10F98782256BAFF002896BA /* Key.swift */,
			);
			path = ObjectRecognizer;
			sourceTree = "<group>";
		};
/* End PBXGroup section */

/* Begin PBXNativeTarget section */
		A177D0362239DF8C000C2827 /* ObjectRecognizer */ = {
			isa = PBXNativeTarget;
			buildConfigurationList = A177D04C2239DF8E000C2827 /* Build configuration list for PBXNativeTarget "ObjectRecognizer" */;
			buildPhases = (
				0D9DCBF5CECCF043FFD38175 /* [CP] Check Pods Manifest.lock */,
				A177D0332239DF8C000C2827 /* Sources */,
				A177D0342239DF8C000C2827 /* Frameworks */,
				A177D0352239DF8C000C2827 /* Resources */,
				DC415E4F025205919592D2C4 /* [CP] Embed Pods Frameworks */,
			);
			buildRules = (
			);
			dependencies = (
			);
			name = ObjectRecognizer;
			productName = ObjectRecognizer;
			productReference = A177D0372239DF8C000C2827 /* ObjectRecognizer.app */;
			productType = "com.apple.product-type.application";
		};
/* End PBXNativeTarget section */

/* Begin PBXProject section */
		A177D02F2239DF8C000C2827 /* Project object */ = {
			isa = PBXProject;
			attributes = {
				LastSwiftUpdateCheck = 1010;
				LastUpgradeCheck = 1010;
				ORGANIZATIONNAME = "Andy Wu";
				TargetAttributes = {
					A177D0362239DF8C000C2827 = {
						CreatedOnToolsVersion = 10.1;
						LastSwiftMigration = 1020;
					};
				};
			};
			buildConfigurationList = A177D0322239DF8C000C2827 /* Build configuration list for PBXProject "ObjectRecognizer" */;
			compatibilityVersion = "Xcode 9.3";
			developmentRegion = en;
			hasScannedForEncodings = 0;
			knownRegions = (
				en,
				Base,
			);
			mainGroup = A177D02E2239DF8C000C2827;
			productRefGroup = A177D0382239DF8C000C2827 /* Products */;
			projectDirPath = "";
			projectRoot = "";
			targets = (
				A177D0362239DF8C000C2827 /* ObjectRecognizer */,
			);
		};
/* End PBXProject section */

/* Begin PBXResourcesBuildPhase section */
		A177D0352239DF8C000C2827 /* Resources */ = {
			isa = PBXResourcesBuildPhase;
			buildActionMask = 2147483647;
			files = (
				A177D0482239DF8E000C2827 /* LaunchScreen.storyboard in Resources */,
				A177D0452239DF8E000C2827 /* Assets.xcassets in Resources */,
				A177D0402239DF8C000C2827 /* Main.storyboard in Resources */,
			);
			runOnlyForDeploymentPostprocessing = 0;
		};
/* End PBXResourcesBuildPhase section */

/* Begin PBXShellScriptBuildPhase section */
		0D9DCBF5CECCF043FFD38175 /* [CP] Check Pods Manifest.lock */ = {
			isa = PBXShellScriptBuildPhase;
			buildActionMask = 2147483647;
			files = (
			);
			inputFileListPaths = (
			);
			inputPaths = (
				"${PODS_PODFILE_DIR_PATH}/Podfile.lock",
				"${PODS_ROOT}/Manifest.lock",
			);
			name = "[CP] Check Pods Manifest.lock";
			outputFileListPaths = (
			);
			outputPaths = (
				"$(DERIVED_FILE_DIR)/Pods-ObjectRecognizer-checkManifestLockResult.txt",
			);
			runOnlyForDeploymentPostprocessing = 0;
			shellPath = /bin/sh;
			shellScript = "diff \"${PODS_PODFILE_DIR_PATH}/Podfile.lock\" \"${PODS_ROOT}/Manifest.lock\" > /dev/null\nif [ $? != 0 ] ; then\n    # print error to STDERR\n    echo \"error: The sandbox is not in sync with the Podfile.lock. Run 'pod install' or update your CocoaPods installation.\" >&2\n    exit 1\nfi\n# This output is used by Xcode 'outputs' to avoid re-running this script phase.\necho \"SUCCESS\" > \"${SCRIPT_OUTPUT_FILE_0}\"\n";
			showEnvVarsInLog = 0;
		};
		DC415E4F025205919592D2C4 /* [CP] Embed Pods Frameworks */ = {
			isa = PBXShellScriptBuildPhase;
			buildActionMask = 2147483647;
			files = (
			);
			inputFileListPaths = (
			);
			inputPaths = (
				"${SRCROOT}/Pods/Target Support Files/Pods-ObjectRecognizer/Pods-ObjectRecognizer-frameworks.sh",
				"${BUILT_PRODUCTS_DIR}/Alamofire/Alamofire.framework",
				"${BUILT_PRODUCTS_DIR}/SwiftyJSON/SwiftyJSON.framework",
			);
			name = "[CP] Embed Pods Frameworks";
			outputFileListPaths = (
			);
			outputPaths = (
				"${TARGET_BUILD_DIR}/${FRAMEWORKS_FOLDER_PATH}/Alamofire.framework",
				"${TARGET_BUILD_DIR}/${FRAMEWORKS_FOLDER_PATH}/SwiftyJSON.framework",
			);
			runOnlyForDeploymentPostprocessing = 0;
			shellPath = /bin/sh;
			shellScript = "\"${SRCROOT}/Pods/Target Support Files/Pods-ObjectRecognizer/Pods-ObjectRecognizer-frameworks.sh\"\n";
			showEnvVarsInLog = 0;
		};
/* End PBXShellScriptBuildPhase section */

/* Begin PBXSourcesBuildPhase section */
		A177D0332239DF8C000C2827 /* Sources */ = {
			isa = PBXSourcesBuildPhase;
			buildActionMask = 2147483647;
			files = (
				A177D03D2239DF8C000C2827 /* ViewController.swift in Sources */,
				A177D03B2239DF8C000C2827 /* AppDelegate.swift in Sources */,
				A177D0432239DF8C000C2827 /* ObjectRecognizer.xcdatamodeld in Sources */,
				A177D0502239EA1B000C2827 /* ResultsViewController.swift in Sources */,
				A10F98792256BAFF002896BA /* Key.swift in Sources */,
			);
			runOnlyForDeploymentPostprocessing = 0;
		};
/* End PBXSourcesBuildPhase section */

/* Begin PBXVariantGroup section */
		A177D03E2239DF8C000C2827 /* Main.storyboard */ = {
			isa = PBXVariantGroup;
			children = (
				A177D03F2239DF8C000C2827 /* Base */,
			);
			name = Main.storyboard;
			sourceTree = "<group>";
		};
		A177D0462239DF8E000C2827 /* LaunchScreen.storyboard */ = {
			isa = PBXVariantGroup;
			children = (
				A177D0472239DF8E000C2827 /* Base */,
			);
			name = LaunchScreen.storyboard;
			sourceTree = "<group>";
		};
/* End PBXVariantGroup section */

/* Begin XCBuildConfiguration section */
		A177D04A2239DF8E000C2827 /* Debug */ = {
			isa = XCBuildConfiguration;
			buildSettings = {
				ALWAYS_SEARCH_USER_PATHS = NO;
				CLANG_ANALYZER_NONNULL = YES;
				CLANG_ANALYZER_NUMBER_OBJECT_CONVERSION = YES_AGGRESSIVE;
				CLANG_CXX_LANGUAGE_STANDARD = "gnu++14";
				CLANG_CXX_LIBRARY = "libc++";
				CLANG_ENABLE_MODULES = YES;
				CLANG_ENABLE_OBJC_ARC = YES;
				CLANG_ENABLE_OBJC_WEAK = YES;
				CLANG_WARN_BLOCK_CAPTURE_AUTORELEASING = YES;
				CLANG_WARN_BOOL_CONVERSION = YES;
				CLANG_WARN_COMMA = YES;
				CLANG_WARN_CONSTANT_CONVERSION = YES;
				CLANG_WARN_DEPRECATED_OBJC_IMPLEMENTATIONS = YES;
				CLANG_WARN_DIRECT_OBJC_ISA_USAGE = YES_ERROR;
				CLANG_WARN_DOCUMENTATION_COMMENTS = YES;
				CLANG_WARN_EMPTY_BODY = YES;
				CLANG_WARN_ENUM_CONVERSION = YES;
				CLANG_WARN_INFINITE_RECURSION = YES;
				CLANG_WARN_INT_CONVERSION = YES;
				CLANG_WARN_NON_LITERAL_NULL_CONVERSION = YES;
				CLANG_WARN_OBJC_IMPLICIT_RETAIN_SELF = YES;
				CLANG_WARN_OBJC_LITERAL_CONVERSION = YES;
				CLANG_WARN_OBJC_ROOT_CLASS = YES_ERROR;
				CLANG_WARN_RANGE_LOOP_ANALYSIS = YES;
				CLANG_WARN_STRICT_PROTOTYPES = YES;
				CLANG_WARN_SUSPICIOUS_MOVE = YES;
				CLANG_WARN_UNGUARDED_AVAILABILITY = YES_AGGRESSIVE;
				CLANG_WARN_UNREACHABLE_CODE = YES;
				CLANG_WARN__DUPLICATE_METHOD_MATCH = YES;
				CODE_SIGN_IDENTITY = "iPhone Developer";
				COPY_PHASE_STRIP = NO;
				DEBUG_INFORMATION_FORMAT = dwarf;
				ENABLE_STRICT_OBJC_MSGSEND = YES;
				ENABLE_TESTABILITY = YES;
				GCC_C_LANGUAGE_STANDARD = gnu11;
				GCC_DYNAMIC_NO_PIC = NO;
				GCC_NO_COMMON_BLOCKS = YES;
				GCC_OPTIMIZATION_LEVEL = 0;
				GCC_PREPROCESSOR_DEFINITIONS = (
					"DEBUG=1",
					"$(inherited)",
				);
				GCC_WARN_64_TO_32_BIT_CONVERSION = YES;
				GCC_WARN_ABOUT_RETURN_TYPE = YES_ERROR;
				GCC_WARN_UNDECLARED_SELECTOR = YES;
				GCC_WARN_UNINITIALIZED_AUTOS = YES_AGGRESSIVE;
				GCC_WARN_UNUSED_FUNCTION = YES;
				GCC_WARN_UNUSED_VARIABLE = YES;
				IPHONEOS_DEPLOYMENT_TARGET = 12.1;
				MTL_ENABLE_DEBUG_INFO = INCLUDE_SOURCE;
				MTL_FAST_MATH = YES;
				ONLY_ACTIVE_ARCH = YES;
				SDKROOT = iphoneos;
				SWIFT_ACTIVE_COMPILATION_CONDITIONS = DEBUG;
				SWIFT_OPTIMIZATION_LEVEL = "-Onone";
			};
			name = Debug;
		};
		A177D04B2239DF8E000C2827 /* Release */ = {
			isa = XCBuildConfiguration;
			buildSettings = {
				ALWAYS_SEARCH_USER_PATHS = NO;
				CLANG_ANALYZER_NONNULL = YES;
				CLANG_ANALYZER_NUMBER_OBJECT_CONVERSION = YES_AGGRESSIVE;
				CLANG_CXX_LANGUAGE_STANDARD = "gnu++14";
				CLANG_CXX_LIBRARY = "libc++";
				CLANG_ENABLE_MODULES = YES;
				CLANG_ENABLE_OBJC_ARC = YES;
				CLANG_ENABLE_OBJC_WEAK = YES;
				CLANG_WARN_BLOCK_CAPTURE_AUTORELEASING = YES;
				CLANG_WARN_BOOL_CONVERSION = YES;
				CLANG_WARN_COMMA = YES;
				CLANG_WARN_CONSTANT_CONVERSION = YES;
				CLANG_WARN_DEPRECATED_OBJC_IMPLEMENTATIONS = YES;
				CLANG_WARN_DIRECT_OBJC_ISA_USAGE = YES_ERROR;
				CLANG_WARN_DOCUMENTATION_COMMENTS = YES;
				CLANG_WARN_EMPTY_BODY = YES;
				CLANG_WARN_ENUM_CONVERSION = YES;
				CLANG_WARN_INFINITE_RECURSION = YES;
				CLANG_WARN_INT_CONVERSION = YES;
				CLANG_WARN_NON_LITERAL_NULL_CONVERSION = YES;
				CLANG_WARN_OBJC_IMPLICIT_RETAIN_SELF = YES;
				CLANG_WARN_OBJC_LITERAL_CONVERSION = YES;
				CLANG_WARN_OBJC_ROOT_CLASS = YES_ERROR;
				CLANG_WARN_RANGE_LOOP_ANALYSIS = YES;
				CLANG_WARN_STRICT_PROTOTYPES = YES;
				CLANG_WARN_SUSPICIOUS_MOVE = YES;
				CLANG_WARN_UNGUARDED_AVAILABILITY = YES_AGGRESSIVE;
				CLANG_WARN_UNREACHABLE_CODE = YES;
				CLANG_WARN__DUPLICATE_METHOD_MATCH = YES;
				CODE_SIGN_IDENTITY = "iPhone Developer";
				COPY_PHASE_STRIP = NO;
				DEBUG_INFORMATION_FORMAT = "dwarf-with-dsym";
				ENABLE_NS_ASSERTIONS = NO;
				ENABLE_STRICT_OBJC_MSGSEND = YES;
				GCC_C_LANGUAGE_STANDARD = gnu11;
				GCC_NO_COMMON_BLOCKS = YES;
				GCC_WARN_64_TO_32_BIT_CONVERSION = YES;
				GCC_WARN_ABOUT_RETURN_TYPE = YES_ERROR;
				GCC_WARN_UNDECLARED_SELECTOR = YES;
				GCC_WARN_UNINITIALIZED_AUTOS = YES_AGGRESSIVE;
				GCC_WARN_UNUSED_FUNCTION = YES;
				GCC_WARN_UNUSED_VARIABLE = YES;
				IPHONEOS_DEPLOYMENT_TARGET = 12.1;
				MTL_ENABLE_DEBUG_INFO = NO;
				MTL_FAST_MATH = YES;
				SDKROOT = iphoneos;
				SWIFT_COMPILATION_MODE = wholemodule;
				SWIFT_OPTIMIZATION_LEVEL = "-O";
				VALIDATE_PRODUCT = YES;
			};
			name = Release;
		};
		A177D04D2239DF8E000C2827 /* Debug */ = {
			isa = XCBuildConfiguration;
			baseConfigurationReference = 0DBFAD78B8CCDF5A22F73769 /* Pods-ObjectRecognizer.debug.xcconfig */;
			buildSettings = {
				ASSETCATALOG_COMPILER_APPICON_NAME = AppIcon;
				CODE_SIGN_IDENTITY = "iPhone Developer";
				CODE_SIGN_STYLE = Automatic;
				DEVELOPMENT_TEAM = 473KF7RKZN;
				INFOPLIST_FILE = ObjectRecognizer/Info.plist;
				LD_RUNPATH_SEARCH_PATHS = (
					"$(inherited)",
					"@executable_path/Frameworks",
				);
				PRODUCT_BUNDLE_IDENTIFIER = com.awu.ObjectRecognizer;
				PRODUCT_NAME = "$(TARGET_NAME)";
				PROVISIONING_PROFILE_SPECIFIER = "";
				SWIFT_VERSION = 5.0;
				TARGETED_DEVICE_FAMILY = "1,2";
			};
			name = Debug;
		};
		A177D04E2239DF8E000C2827 /* Release */ = {
			isa = XCBuildConfiguration;
			baseConfigurationReference = 6D58004F8BD0FE6BF6F3A1E8 /* Pods-ObjectRecognizer.release.xcconfig */;
			buildSettings = {
				ASSETCATALOG_COMPILER_APPICON_NAME = AppIcon;
				CODE_SIGN_IDENTITY = "iPhone Developer";
				CODE_SIGN_STYLE = Automatic;
				DEVELOPMENT_TEAM = 473KF7RKZN;
				INFOPLIST_FILE = ObjectRecognizer/Info.plist;
				LD_RUNPATH_SEARCH_PATHS = (
					"$(inherited)",
					"@executable_path/Frameworks",
				);
				PRODUCT_BUNDLE_IDENTIFIER = com.awu.ObjectRecognizer;
				PRODUCT_NAME = "$(TARGET_NAME)";
				PROVISIONING_PROFILE_SPECIFIER = "";
				SWIFT_VERSION = 5.0;
				TARGETED_DEVICE_FAMILY = "1,2";
			};
			name = Release;
		};
/* End XCBuildConfiguration section */

/* Begin XCConfigurationList section */
		A177D0322239DF8C000C2827 /* Build configuration list for PBXProject "ObjectRecognizer" */ = {
			isa = XCConfigurationList;
			buildConfigurations = (
				A177D04A2239DF8E000C2827 /* Debug */,
				A177D04B2239DF8E000C2827 /* Release */,
			);
			defaultConfigurationIsVisible = 0;
			defaultConfigurationName = Release;
		};
		A177D04C2239DF8E000C2827 /* Build configuration list for PBXNativeTarget "ObjectRecognizer" */ = {
			isa = XCConfigurationList;
			buildConfigurations = (
				A177D04D2239DF8E000C2827 /* Debug */,
				A177D04E2239DF8E000C2827 /* Release */,
			);
			defaultConfigurationIsVisible = 0;
			defaultConfigurationName = Release;
		};
/* End XCConfigurationList section */

/* Begin XCVersionGroup section */
		A177D0412239DF8C000C2827 /* ObjectRecognizer.xcdatamodeld */ = {
			isa = XCVersionGroup;
			children = (
				A177D0422239DF8C000C2827 /* ObjectRecognizer.xcdatamodel */,
			);
			currentVersion = A177D0422239DF8C000C2827 /* ObjectRecognizer.xcdatamodel */;
			path = ObjectRecognizer.xcdatamodeld;
			sourceTree = "<group>";
			versionGroupType = wrapper.xcdatamodel;
		};
/* End XCVersionGroup section */
	};
	rootObject = A177D02F2239DF8C000C2827 /* Project object */;
}
